// !$*UTF8*$!
{
	archiveVersion = 1;
	classes = {
	};
	objectVersion = 46;
	objects = {

/* Begin PBXBuildFile section */
		4EA94F02195070E2007BB9D2 /* Foundation.framework in Frameworks */ = {isa = PBXBuildFile; fileRef = 4EA94F01195070E2007BB9D2 /* Foundation.framework */; };
		4EA94F04195070E2007BB9D2 /* CoreGraphics.framework in Frameworks */ = {isa = PBXBuildFile; fileRef = 4EA94F03195070E2007BB9D2 /* CoreGraphics.framework */; };
		4EA94F06195070E2007BB9D2 /* UIKit.framework in Frameworks */ = {isa = PBXBuildFile; fileRef = 4EA94F05195070E2007BB9D2 /* UIKit.framework */; };
		4EA94F0C195070E2007BB9D2 /* InfoPlist.strings in Resources */ = {isa = PBXBuildFile; fileRef = 4EA94F0A195070E2007BB9D2 /* InfoPlist.strings */; };
		4EA94F0E195070E2007BB9D2 /* main.m in Sources */ = {isa = PBXBuildFile; fileRef = 4EA94F0D195070E2007BB9D2 /* main.m */; };
		4EA94F12195070E2007BB9D2 /* AppDelegate.m in Sources */ = {isa = PBXBuildFile; fileRef = 4EA94F11195070E2007BB9D2 /* AppDelegate.m */; };
		4EA94F14195070E2007BB9D2 /* Images.xcassets in Resources */ = {isa = PBXBuildFile; fileRef = 4EA94F13195070E2007BB9D2 /* Images.xcassets */; };
		4EA94F1B195070E2007BB9D2 /* XCTest.framework in Frameworks */ = {isa = PBXBuildFile; fileRef = 4EA94F1A195070E2007BB9D2 /* XCTest.framework */; };
		4EA94F1C195070E2007BB9D2 /* Foundation.framework in Frameworks */ = {isa = PBXBuildFile; fileRef = 4EA94F01195070E2007BB9D2 /* Foundation.framework */; };
		4EA94F1D195070E2007BB9D2 /* UIKit.framework in Frameworks */ = {isa = PBXBuildFile; fileRef = 4EA94F05195070E2007BB9D2 /* UIKit.framework */; };
		4EA94F25195070E2007BB9D2 /* InfoPlist.strings in Resources */ = {isa = PBXBuildFile; fileRef = 4EA94F23195070E2007BB9D2 /* InfoPlist.strings */; };
		4EA94F27195070E2007BB9D2 /* ReactiveDribbbleKitDemoTests.m in Sources */ = {isa = PBXBuildFile; fileRef = 4EA94F26195070E2007BB9D2 /* ReactiveDribbbleKitDemoTests.m */; };
		4EADA817195325CF003925CC /* YLDribbbleEngine.m in Sources */ = {isa = PBXBuildFile; fileRef = 4EADA805195325CF003925CC /* YLDribbbleEngine.m */; };
		4EADA818195325CF003925CC /* YLCommentsListModel.m in Sources */ = {isa = PBXBuildFile; fileRef = 4EADA808195325CF003925CC /* YLCommentsListModel.m */; };
		4EADA819195325CF003925CC /* YLDribbbleComment.m in Sources */ = {isa = PBXBuildFile; fileRef = 4EADA80A195325CF003925CC /* YLDribbbleComment.m */; };
		4EADA81A195325CF003925CC /* YLDribbbleList.m in Sources */ = {isa = PBXBuildFile; fileRef = 4EADA80C195325CF003925CC /* YLDribbbleList.m */; };
		4EADA81B195325CF003925CC /* YLDribbbleShot.m in Sources */ = {isa = PBXBuildFile; fileRef = 4EADA80E195325CF003925CC /* YLDribbbleShot.m */; };
		4EADA81C195325CF003925CC /* YLDribbbleUser.m in Sources */ = {isa = PBXBuildFile; fileRef = 4EADA810195325CF003925CC /* YLDribbbleUser.m */; };
		4EADA81D195325CF003925CC /* YLListModel.m in Sources */ = {isa = PBXBuildFile; fileRef = 4EADA812195325CF003925CC /* YLListModel.m */; };
		4EADA81E195325CF003925CC /* YLPlayerListModel.m in Sources */ = {isa = PBXBuildFile; fileRef = 4EADA814195325CF003925CC /* YLPlayerListModel.m */; };
		4EADA81F195325CF003925CC /* YLShotsListModel.m in Sources */ = {isa = PBXBuildFile; fileRef = 4EADA816195325CF003925CC /* YLShotsListModel.m */; };
		4EADA82219532699003925CC /* MTLJSONAdapter+Array.m in Sources */ = {isa = PBXBuildFile; fileRef = 4EADA82119532699003925CC /* MTLJSONAdapter+Array.m */; };
		903E672055C9422A88DDC5D4 /* libPods.a in Frameworks */ = {isa = PBXBuildFile; fileRef = 360332D0F5C14F36BF127A8C /* libPods.a */; };
/* End PBXBuildFile section */

/* Begin PBXContainerItemProxy section */
		4EA94F1E195070E2007BB9D2 /* PBXContainerItemProxy */ = {
			isa = PBXContainerItemProxy;
			containerPortal = 4EA94EF6195070E2007BB9D2 /* Project object */;
			proxyType = 1;
			remoteGlobalIDString = 4EA94EFD195070E2007BB9D2;
			remoteInfo = ReactiveDribbbleKitDemo;
		};
/* End PBXContainerItemProxy section */

/* Begin PBXFileReference section */
		360332D0F5C14F36BF127A8C /* libPods.a */ = {isa = PBXFileReference; explicitFileType = archive.ar; includeInIndex = 0; path = libPods.a; sourceTree = BUILT_PRODUCTS_DIR; };
		4EA94EFE195070E2007BB9D2 /* ReactiveDribbbleKitDemo.app */ = {isa = PBXFileReference; explicitFileType = wrapper.application; includeInIndex = 0; path = ReactiveDribbbleKitDemo.app; sourceTree = BUILT_PRODUCTS_DIR; };
		4EA94F01195070E2007BB9D2 /* Foundation.framework */ = {isa = PBXFileReference; lastKnownFileType = wrapper.framework; name = Foundation.framework; path = System/Library/Frameworks/Foundation.framework; sourceTree = SDKROOT; };
		4EA94F03195070E2007BB9D2 /* CoreGraphics.framework */ = {isa = PBXFileReference; lastKnownFileType = wrapper.framework; name = CoreGraphics.framework; path = System/Library/Frameworks/CoreGraphics.framework; sourceTree = SDKROOT; };
		4EA94F05195070E2007BB9D2 /* UIKit.framework */ = {isa = PBXFileReference; lastKnownFileType = wrapper.framework; name = UIKit.framework; path = System/Library/Frameworks/UIKit.framework; sourceTree = SDKROOT; };
		4EA94F09195070E2007BB9D2 /* ReactiveDribbbleKitDemo-Info.plist */ = {isa = PBXFileReference; lastKnownFileType = text.plist.xml; path = "ReactiveDribbbleKitDemo-Info.plist"; sourceTree = "<group>"; };
		4EA94F0B195070E2007BB9D2 /* en */ = {isa = PBXFileReference; lastKnownFileType = text.plist.strings; name = en; path = en.lproj/InfoPlist.strings; sourceTree = "<group>"; };
		4EA94F0D195070E2007BB9D2 /* main.m */ = {isa = PBXFileReference; lastKnownFileType = sourcecode.c.objc; path = main.m; sourceTree = "<group>"; };
		4EA94F0F195070E2007BB9D2 /* ReactiveDribbbleKitDemo-Prefix.pch */ = {isa = PBXFileReference; lastKnownFileType = sourcecode.c.h; path = "ReactiveDribbbleKitDemo-Prefix.pch"; sourceTree = "<group>"; };
		4EA94F10195070E2007BB9D2 /* AppDelegate.h */ = {isa = PBXFileReference; lastKnownFileType = sourcecode.c.h; path = AppDelegate.h; sourceTree = "<group>"; };
		4EA94F11195070E2007BB9D2 /* AppDelegate.m */ = {isa = PBXFileReference; lastKnownFileType = sourcecode.c.objc; path = AppDelegate.m; sourceTree = "<group>"; };
		4EA94F13195070E2007BB9D2 /* Images.xcassets */ = {isa = PBXFileReference; lastKnownFileType = folder.assetcatalog; path = Images.xcassets; sourceTree = "<group>"; };
		4EA94F19195070E2007BB9D2 /* ReactiveDribbbleKitDemoTests.xctest */ = {isa = PBXFileReference; explicitFileType = wrapper.cfbundle; includeInIndex = 0; path = ReactiveDribbbleKitDemoTests.xctest; sourceTree = BUILT_PRODUCTS_DIR; };
		4EA94F1A195070E2007BB9D2 /* XCTest.framework */ = {isa = PBXFileReference; lastKnownFileType = wrapper.framework; name = XCTest.framework; path = Library/Frameworks/XCTest.framework; sourceTree = DEVELOPER_DIR; };
		4EA94F22195070E2007BB9D2 /* ReactiveDribbbleKitDemoTests-Info.plist */ = {isa = PBXFileReference; lastKnownFileType = text.plist.xml; path = "ReactiveDribbbleKitDemoTests-Info.plist"; sourceTree = "<group>"; };
		4EA94F24195070E2007BB9D2 /* en */ = {isa = PBXFileReference; lastKnownFileType = text.plist.strings; name = en; path = en.lproj/InfoPlist.strings; sourceTree = "<group>"; };
		4EA94F26195070E2007BB9D2 /* ReactiveDribbbleKitDemoTests.m */ = {isa = PBXFileReference; lastKnownFileType = sourcecode.c.objc; path = ReactiveDribbbleKitDemoTests.m; sourceTree = "<group>"; };
		4EADA804195325CF003925CC /* YLDribbbleEngine.h */ = {isa = PBXFileReference; fileEncoding = 4; lastKnownFileType = sourcecode.c.h; path = YLDribbbleEngine.h; sourceTree = "<group>"; };
		4EADA805195325CF003925CC /* YLDribbbleEngine.m */ = {isa = PBXFileReference; fileEncoding = 4; lastKnownFileType = sourcecode.c.objc; path = YLDribbbleEngine.m; sourceTree = "<group>"; };
		4EADA807195325CF003925CC /* YLCommentsListModel.h */ = {isa = PBXFileReference; fileEncoding = 4; lastKnownFileType = sourcecode.c.h; path = YLCommentsListModel.h; sourceTree = "<group>"; };
		4EADA808195325CF003925CC /* YLCommentsListModel.m */ = {isa = PBXFileReference; fileEncoding = 4; lastKnownFileType = sourcecode.c.objc; path = YLCommentsListModel.m; sourceTree = "<group>"; };
		4EADA809195325CF003925CC /* YLDribbbleComment.h */ = {isa = PBXFileReference; fileEncoding = 4; lastKnownFileType = sourcecode.c.h; path = YLDribbbleComment.h; sourceTree = "<group>"; };
		4EADA80A195325CF003925CC /* YLDribbbleComment.m */ = {isa = PBXFileReference; fileEncoding = 4; lastKnownFileType = sourcecode.c.objc; path = YLDribbbleComment.m; sourceTree = "<group>"; };
		4EADA80B195325CF003925CC /* YLDribbbleList.h */ = {isa = PBXFileReference; fileEncoding = 4; lastKnownFileType = sourcecode.c.h; path = YLDribbbleList.h; sourceTree = "<group>"; };
		4EADA80C195325CF003925CC /* YLDribbbleList.m */ = {isa = PBXFileReference; fileEncoding = 4; lastKnownFileType = sourcecode.c.objc; path = YLDribbbleList.m; sourceTree = "<group>"; };
		4EADA80D195325CF003925CC /* YLDribbbleShot.h */ = {isa = PBXFileReference; fileEncoding = 4; lastKnownFileType = sourcecode.c.h; path = YLDribbbleShot.h; sourceTree = "<group>"; };
		4EADA80E195325CF003925CC /* YLDribbbleShot.m */ = {isa = PBXFileReference; fileEncoding = 4; lastKnownFileType = sourcecode.c.objc; path = YLDribbbleShot.m; sourceTree = "<group>"; };
		4EADA80F195325CF003925CC /* YLDribbbleUser.h */ = {isa = PBXFileReference; fileEncoding = 4; lastKnownFileType = sourcecode.c.h; path = YLDribbbleUser.h; sourceTree = "<group>"; };
		4EADA810195325CF003925CC /* YLDribbbleUser.m */ = {isa = PBXFileReference; fileEncoding = 4; lastKnownFileType = sourcecode.c.objc; path = YLDribbbleUser.m; sourceTree = "<group>"; };
		4EADA811195325CF003925CC /* YLListModel.h */ = {isa = PBXFileReference; fileEncoding = 4; lastKnownFileType = sourcecode.c.h; path = YLListModel.h; sourceTree = "<group>"; };
		4EADA812195325CF003925CC /* YLListModel.m */ = {isa = PBXFileReference; fileEncoding = 4; lastKnownFileType = sourcecode.c.objc; path = YLListModel.m; sourceTree = "<group>"; };
		4EADA813195325CF003925CC /* YLPlayerListModel.h */ = {isa = PBXFileReference; fileEncoding = 4; lastKnownFileType = sourcecode.c.h; path = YLPlayerListModel.h; sourceTree = "<group>"; };
		4EADA814195325CF003925CC /* YLPlayerListModel.m */ = {isa = PBXFileReference; fileEncoding = 4; lastKnownFileType = sourcecode.c.objc; path = YLPlayerListModel.m; sourceTree = "<group>"; };
		4EADA815195325CF003925CC /* YLShotsListModel.h */ = {isa = PBXFileReference; fileEncoding = 4; lastKnownFileType = sourcecode.c.h; path = YLShotsListModel.h; sourceTree = "<group>"; };
		4EADA816195325CF003925CC /* YLShotsListModel.m */ = {isa = PBXFileReference; fileEncoding = 4; lastKnownFileType = sourcecode.c.objc; path = YLShotsListModel.m; sourceTree = "<group>"; };
		4EADA82019532699003925CC /* MTLJSONAdapter+Array.h */ = {isa = PBXFileReference; fileEncoding = 4; lastKnownFileType = sourcecode.c.h; path = "MTLJSONAdapter+Array.h"; sourceTree = "<group>"; };
		4EADA82119532699003925CC /* MTLJSONAdapter+Array.m */ = {isa = PBXFileReference; fileEncoding = 4; lastKnownFileType = sourcecode.c.objc; path = "MTLJSONAdapter+Array.m"; sourceTree = "<group>"; };
		83A534F0DC294797B45BD73B /* Pods.xcconfig */ = {isa = PBXFileReference; includeInIndex = 1; lastKnownFileType = text.xcconfig; name = Pods.xcconfig; path = Pods/Pods.xcconfig; sourceTree = "<group>"; };
/* End PBXFileReference section */

/* Begin PBXFrameworksBuildPhase section */
		4EA94EFB195070E2007BB9D2 /* Frameworks */ = {
			isa = PBXFrameworksBuildPhase;
			buildActionMask = 2147483647;
			files = (
				4EA94F04195070E2007BB9D2 /* CoreGraphics.framework in Frameworks */,
				4EA94F06195070E2007BB9D2 /* UIKit.framework in Frameworks */,
				4EA94F02195070E2007BB9D2 /* Foundation.framework in Frameworks */,
				903E672055C9422A88DDC5D4 /* libPods.a in Frameworks */,
			);
			runOnlyForDeploymentPostprocessing = 0;
		};
		4EA94F16195070E2007BB9D2 /* Frameworks */ = {
			isa = PBXFrameworksBuildPhase;
			buildActionMask = 2147483647;
			files = (
				4EA94F1B195070E2007BB9D2 /* XCTest.framework in Frameworks */,
				4EA94F1D195070E2007BB9D2 /* UIKit.framework in Frameworks */,
				4EA94F1C195070E2007BB9D2 /* Foundation.framework in Frameworks */,
			);
			runOnlyForDeploymentPostprocessing = 0;
		};
/* End PBXFrameworksBuildPhase section */

/* Begin PBXGroup section */
		4EA94EF5195070E2007BB9D2 = {
			isa = PBXGroup;
			children = (
				4EADA802195325CF003925CC /* ReactiveDribbbleKit */,
				4EA94F07195070E2007BB9D2 /* ReactiveDribbbleKitDemo */,
				4EA94F20195070E2007BB9D2 /* ReactiveDribbbleKitDemoTests */,
				4EA94F00195070E2007BB9D2 /* Frameworks */,
				4EA94EFF195070E2007BB9D2 /* Products */,
				83A534F0DC294797B45BD73B /* Pods.xcconfig */,
			);
			sourceTree = "<group>";
		};
		4EA94EFF195070E2007BB9D2 /* Products */ = {
			isa = PBXGroup;
			children = (
				4EA94EFE195070E2007BB9D2 /* ReactiveDribbbleKitDemo.app */,
				4EA94F19195070E2007BB9D2 /* ReactiveDribbbleKitDemoTests.xctest */,
			);
			name = Products;
			sourceTree = "<group>";
		};
		4EA94F00195070E2007BB9D2 /* Frameworks */ = {
			isa = PBXGroup;
			children = (
				4EA94F01195070E2007BB9D2 /* Foundation.framework */,
				4EA94F03195070E2007BB9D2 /* CoreGraphics.framework */,
				4EA94F05195070E2007BB9D2 /* UIKit.framework */,
				4EA94F1A195070E2007BB9D2 /* XCTest.framework */,
				360332D0F5C14F36BF127A8C /* libPods.a */,
			);
			name = Frameworks;
			sourceTree = "<group>";
		};
		4EA94F07195070E2007BB9D2 /* ReactiveDribbbleKitDemo */ = {
			isa = PBXGroup;
			children = (
				4EA94F10195070E2007BB9D2 /* AppDelegate.h */,
				4EA94F11195070E2007BB9D2 /* AppDelegate.m */,
				4EA94F13195070E2007BB9D2 /* Images.xcassets */,
				4EA94F08195070E2007BB9D2 /* Supporting Files */,
			);
			path = ReactiveDribbbleKitDemo;
			sourceTree = "<group>";
		};
		4EA94F08195070E2007BB9D2 /* Supporting Files */ = {
			isa = PBXGroup;
			children = (
				4EA94F09195070E2007BB9D2 /* ReactiveDribbbleKitDemo-Info.plist */,
				4EA94F0A195070E2007BB9D2 /* InfoPlist.strings */,
				4EA94F0D195070E2007BB9D2 /* main.m */,
				4EA94F0F195070E2007BB9D2 /* ReactiveDribbbleKitDemo-Prefix.pch */,
			);
			name = "Supporting Files";
			sourceTree = "<group>";
		};
		4EA94F20195070E2007BB9D2 /* ReactiveDribbbleKitDemoTests */ = {
			isa = PBXGroup;
			children = (
				4EA94F26195070E2007BB9D2 /* ReactiveDribbbleKitDemoTests.m */,
				4EA94F21195070E2007BB9D2 /* Supporting Files */,
			);
			path = ReactiveDribbbleKitDemoTests;
			sourceTree = "<group>";
		};
		4EA94F21195070E2007BB9D2 /* Supporting Files */ = {
			isa = PBXGroup;
			children = (
				4EA94F22195070E2007BB9D2 /* ReactiveDribbbleKitDemoTests-Info.plist */,
				4EA94F23195070E2007BB9D2 /* InfoPlist.strings */,
			);
			name = "Supporting Files";
			sourceTree = "<group>";
		};
		4EADA802195325CF003925CC /* ReactiveDribbbleKit */ = {
			isa = PBXGroup;
			children = (
				4EADA803195325CF003925CC /* API */,
				4EADA806195325CF003925CC /* Models */,
			);
			name = ReactiveDribbbleKit;
			path = ../ReactiveDribbbleKit;
			sourceTree = "<group>";
		};
		4EADA803195325CF003925CC /* API */ = {
			isa = PBXGroup;
			children = (
				4EADA804195325CF003925CC /* YLDribbbleEngine.h */,
				4EADA805195325CF003925CC /* YLDribbbleEngine.m */,
			);
			path = API;
			sourceTree = "<group>";
		};
		4EADA806195325CF003925CC /* Models */ = {
			isa = PBXGroup;
			children = (
				4EADA82019532699003925CC /* MTLJSONAdapter+Array.h */,
				4EADA82119532699003925CC /* MTLJSONAdapter+Array.m */,
				4EADA807195325CF003925CC /* YLCommentsListModel.h */,
				4EADA808195325CF003925CC /* YLCommentsListModel.m */,
				4EADA809195325CF003925CC /* YLDribbbleComment.h */,
				4EADA80A195325CF003925CC /* YLDribbbleComment.m */,
				4EADA80B195325CF003925CC /* YLDribbbleList.h */,
				4EADA80C195325CF003925CC /* YLDribbbleList.m */,
				4EADA80D195325CF003925CC /* YLDribbbleShot.h */,
				4EADA80E195325CF003925CC /* YLDribbbleShot.m */,
				4EADA80F195325CF003925CC /* YLDribbbleUser.h */,
				4EADA810195325CF003925CC /* YLDribbbleUser.m */,
				4EADA811195325CF003925CC /* YLListModel.h */,
				4EADA812195325CF003925CC /* YLListModel.m */,
				4EADA813195325CF003925CC /* YLPlayerListModel.h */,
				4EADA814195325CF003925CC /* YLPlayerListModel.m */,
				4EADA815195325CF003925CC /* YLShotsListModel.h */,
				4EADA816195325CF003925CC /* YLShotsListModel.m */,
			);
			path = Models;
			sourceTree = "<group>";
		};
/* End PBXGroup section */

/* Begin PBXNativeTarget section */
		4EA94EFD195070E2007BB9D2 /* ReactiveDribbbleKitDemo */ = {
			isa = PBXNativeTarget;
			buildConfigurationList = 4EA94F2A195070E2007BB9D2 /* Build configuration list for PBXNativeTarget "ReactiveDribbbleKitDemo" */;
			buildPhases = (
				BB8C5CD53DEB4670ADBC54FD /* Check Pods Manifest.lock */,
				4EA94EFA195070E2007BB9D2 /* Sources */,
				4EA94EFB195070E2007BB9D2 /* Frameworks */,
				4EA94EFC195070E2007BB9D2 /* Resources */,
				3DA122BC59384CD6B4BAFA3F /* Copy Pods Resources */,
			);
			buildRules = (
			);
			dependencies = (
			);
			name = ReactiveDribbbleKitDemo;
			productName = ReactiveDribbbleKitDemo;
			productReference = 4EA94EFE195070E2007BB9D2 /* ReactiveDribbbleKitDemo.app */;
			productType = "com.apple.product-type.application";
		};
		4EA94F18195070E2007BB9D2 /* ReactiveDribbbleKitDemoTests */ = {
			isa = PBXNativeTarget;
			buildConfigurationList = 4EA94F2D195070E2007BB9D2 /* Build configuration list for PBXNativeTarget "ReactiveDribbbleKitDemoTests" */;
			buildPhases = (
				4EA94F15195070E2007BB9D2 /* Sources */,
				4EA94F16195070E2007BB9D2 /* Frameworks */,
				4EA94F17195070E2007BB9D2 /* Resources */,
			);
			buildRules = (
			);
			dependencies = (
				4EA94F1F195070E2007BB9D2 /* PBXTargetDependency */,
			);
			name = ReactiveDribbbleKitDemoTests;
			productName = ReactiveDribbbleKitDemoTests;
			productReference = 4EA94F19195070E2007BB9D2 /* ReactiveDribbbleKitDemoTests.xctest */;
			productType = "com.apple.product-type.bundle.unit-test";
		};
/* End PBXNativeTarget section */

/* Begin PBXProject section */
		4EA94EF6195070E2007BB9D2 /* Project object */ = {
			isa = PBXProject;
			attributes = {
				LastUpgradeCheck = 0510;
				ORGANIZATIONNAME = "Yong Li";
				TargetAttributes = {
					4EA94F18195070E2007BB9D2 = {
						TestTargetID = 4EA94EFD195070E2007BB9D2;
					};
				};
			};
			buildConfigurationList = 4EA94EF9195070E2007BB9D2 /* Build configuration list for PBXProject "ReactiveDribbbleKitDemo" */;
			compatibilityVersion = "Xcode 3.2";
			developmentRegion = English;
			hasScannedForEncodings = 0;
			knownRegions = (
				en,
			);
			mainGroup = 4EA94EF5195070E2007BB9D2;
			productRefGroup = 4EA94EFF195070E2007BB9D2 /* Products */;
			projectDirPath = "";
			projectRoot = "";
			targets = (
				4EA94EFD195070E2007BB9D2 /* ReactiveDribbbleKitDemo */,
				4EA94F18195070E2007BB9D2 /* ReactiveDribbbleKitDemoTests */,
			);
		};
/* End PBXProject section */

/* Begin PBXResourcesBuildPhase section */
		4EA94EFC195070E2007BB9D2 /* Resources */ = {
			isa = PBXResourcesBuildPhase;
			buildActionMask = 2147483647;
			files = (
				4EA94F0C195070E2007BB9D2 /* InfoPlist.strings in Resources */,
				4EA94F14195070E2007BB9D2 /* Images.xcassets in Resources */,
			);
			runOnlyForDeploymentPostprocessing = 0;
		};
		4EA94F17195070E2007BB9D2 /* Resources */ = {
			isa = PBXResourcesBuildPhase;
			buildActionMask = 2147483647;
			files = (
				4EA94F25195070E2007BB9D2 /* InfoPlist.strings in Resources */,
			);
			runOnlyForDeploymentPostprocessing = 0;
		};
/* End PBXResourcesBuildPhase section */

/* Begin PBXShellScriptBuildPhase section */
		3DA122BC59384CD6B4BAFA3F /* Copy Pods Resources */ = {
			isa = PBXShellScriptBuildPhase;
			buildActionMask = 2147483647;
			files = (
			);
			inputPaths = (
			);
			name = "Copy Pods Resources";
			outputPaths = (
			);
			runOnlyForDeploymentPostprocessing = 0;
			shellPath = /bin/sh;
			shellScript = "\"${SRCROOT}/Pods/Pods-resources.sh\"\n";
			showEnvVarsInLog = 0;
		};
		BB8C5CD53DEB4670ADBC54FD /* Check Pods Manifest.lock */ = {
			isa = PBXShellScriptBuildPhase;
			buildActionMask = 2147483647;
			files = (
			);
			inputPaths = (
			);
			name = "Check Pods Manifest.lock";
			outputPaths = (
			);
			runOnlyForDeploymentPostprocessing = 0;
			shellPath = /bin/sh;
			shellScript = "diff \"${PODS_ROOT}/../Podfile.lock\" \"${PODS_ROOT}/Manifest.lock\" > /dev/null\nif [[ $? != 0 ]] ; then\n    cat << EOM\nerror: The sandbox is not in sync with the Podfile.lock. Run 'pod install' or update your CocoaPods installation.\nEOM\n    exit 1\nfi\n";
			showEnvVarsInLog = 0;
		};
/* End PBXShellScriptBuildPhase section */

/* Begin PBXSourcesBuildPhase section */
		4EA94EFA195070E2007BB9D2 /* Sources */ = {
			isa = PBXSourcesBuildPhase;
			buildActionMask = 2147483647;
			files = (
				4EADA81B195325CF003925CC /* YLDribbbleShot.m in Sources */,
				4EADA818195325CF003925CC /* YLCommentsListModel.m in Sources */,
				4EA94F12195070E2007BB9D2 /* AppDelegate.m in Sources */,
				4EADA82219532699003925CC /* MTLJSONAdapter+Array.m in Sources */,
				4EADA81A195325CF003925CC /* YLDribbbleList.m in Sources */,
				4EADA819195325CF003925CC /* YLDribbbleComment.m in Sources */,
				4EADA81E195325CF003925CC /* YLPlayerListModel.m in Sources */,
				4EADA81C195325CF003925CC /* YLDribbbleUser.m in Sources */,
				4EADA81D195325CF003925CC /* YLListModel.m in Sources */,
				4EADA81F195325CF003925CC /* YLShotsListModel.m in Sources */,
				4EA94F0E195070E2007BB9D2 /* main.m in Sources */,
				4EADA817195325CF003925CC /* YLDribbbleEngine.m in Sources */,
			);
			runOnlyForDeploymentPostprocessing = 0;
		};
		4EA94F15195070E2007BB9D2 /* Sources */ = {
			isa = PBXSourcesBuildPhase;
			buildActionMask = 2147483647;
			files = (
				4EA94F27195070E2007BB9D2 /* ReactiveDribbbleKitDemoTests.m in Sources */,
			);
			runOnlyForDeploymentPostprocessing = 0;
		};
/* End PBXSourcesBuildPhase section */

/* Begin PBXTargetDependency section */
		4EA94F1F195070E2007BB9D2 /* PBXTargetDependency */ = {
			isa = PBXTargetDependency;
			target = 4EA94EFD195070E2007BB9D2 /* ReactiveDribbbleKitDemo */;
			targetProxy = 4EA94F1E195070E2007BB9D2 /* PBXContainerItemProxy */;
		};
/* End PBXTargetDependency section */

/* Begin PBXVariantGroup section */
		4EA94F0A195070E2007BB9D2 /* InfoPlist.strings */ = {
			isa = PBXVariantGroup;
			children = (
				4EA94F0B195070E2007BB9D2 /* en */,
			);
			name = InfoPlist.strings;
			sourceTree = "<group>";
		};
		4EA94F23195070E2007BB9D2 /* InfoPlist.strings */ = {
			isa = PBXVariantGroup;
			children = (
				4EA94F24195070E2007BB9D2 /* en */,
			);
			name = InfoPlist.strings;
			sourceTree = "<group>";
		};
/* End PBXVariantGroup section */

/* Begin XCBuildConfiguration section */
		4EA94F28195070E2007BB9D2 /* Debug */ = {
			isa = XCBuildConfiguration;
			buildSettings = {
				ALWAYS_SEARCH_USER_PATHS = NO;
				CLANG_CXX_LANGUAGE_STANDARD = "gnu++0x";
				CLANG_CXX_LIBRARY = "libc++";
				CLANG_ENABLE_MODULES = YES;
				CLANG_ENABLE_OBJC_ARC = YES;
				CLANG_WARN_BOOL_CONVERSION = YES;
				CLANG_WARN_CONSTANT_CONVERSION = YES;
				CLANG_WARN_DIRECT_OBJC_ISA_USAGE = YES_ERROR;
				CLANG_WARN_EMPTY_BODY = YES;
				CLANG_WARN_ENUM_CONVERSION = YES;
				CLANG_WARN_INT_CONVERSION = YES;
				CLANG_WARN_OBJC_ROOT_CLASS = YES_ERROR;
				CLANG_WARN__DUPLICATE_METHOD_MATCH = YES;
				"CODE_SIGN_IDENTITY[sdk=iphoneos*]" = "iPhone Developer";
				COPY_PHASE_STRIP = NO;
				GCC_C_LANGUAGE_STANDARD = gnu99;
				GCC_DYNAMIC_NO_PIC = NO;
				GCC_OPTIMIZATION_LEVEL = 0;
				GCC_PREPROCESSOR_DEFINITIONS = (
					"DEBUG=1",
					"$(inherited)",
				);
				GCC_SYMBOLS_PRIVATE_EXTERN = NO;
				GCC_WARN_64_TO_32_BIT_CONVERSION = YES;
				GCC_WARN_ABOUT_RETURN_TYPE = YES_ERROR;
				GCC_WARN_UNDECLARED_SELECTOR = YES;
				GCC_WARN_UNINITIALIZED_AUTOS = YES_AGGRESSIVE;
				GCC_WARN_UNUSED_FUNCTION = YES;
				GCC_WARN_UNUSED_VARIABLE = YES;
				IPHONEOS_DEPLOYMENT_TARGET = 7.1;
				ONLY_ACTIVE_ARCH = YES;
				SDKROOT = iphoneos;
			};
			name = Debug;
		};
		4EA94F29195070E2007BB9D2 /* Release */ = {
			isa = XCBuildConfiguration;
			buildSettings = {
				ALWAYS_SEARCH_USER_PATHS = NO;
				CLANG_CXX_LANGUAGE_STANDARD = "gnu++0x";
				CLANG_CXX_LIBRARY = "libc++";
				CLANG_ENABLE_MODULES = YES;
				CLANG_ENABLE_OBJC_ARC = YES;
				CLANG_WARN_BOOL_CONVERSION = YES;
				CLANG_WARN_CONSTANT_CONVERSION = YES;
				CLANG_WARN_DIRECT_OBJC_ISA_USAGE = YES_ERROR;
				CLANG_WARN_EMPTY_BODY = YES;
				CLANG_WARN_ENUM_CONVERSION = YES;
				CLANG_WARN_INT_CONVERSION = YES;
				CLANG_WARN_OBJC_ROOT_CLASS = YES_ERROR;
				CLANG_WARN__DUPLICATE_METHOD_MATCH = YES;
				"CODE_SIGN_IDENTITY[sdk=iphoneos*]" = "iPhone Developer";
				COPY_PHASE_STRIP = YES;
				ENABLE_NS_ASSERTIONS = NO;
				GCC_C_LANGUAGE_STANDARD = gnu99;
				GCC_WARN_64_TO_32_BIT_CONVERSION = YES;
				GCC_WARN_ABOUT_RETURN_TYPE = YES_ERROR;
				GCC_WARN_UNDECLARED_SELECTOR = YES;
				GCC_WARN_UNINITIALIZED_AUTOS = YES_AGGRESSIVE;
				GCC_WARN_UNUSED_FUNCTION = YES;
				GCC_WARN_UNUSED_VARIABLE = YES;
				IPHONEOS_DEPLOYMENT_TARGET = 7.1;
				SDKROOT = iphoneos;
				VALIDATE_PRODUCT = YES;
			};
			name = Release;
		};
		4EA94F2B195070E2007BB9D2 /* Debug */ = {
			isa = XCBuildConfiguration;
			baseConfigurationReference = 83A534F0DC294797B45BD73B /* Pods.xcconfig */;
			buildSettings = {
				ASSETCATALOG_COMPILER_APPICON_NAME = AppIcon;
				ASSETCATALOG_COMPILER_LAUNCHIMAGE_NAME = LaunchImage;
				GCC_PRECOMPILE_PREFIX_HEADER = YES;
				GCC_PREFIX_HEADER = "ReactiveDribbbleKitDemo/ReactiveDribbbleKitDemo-Prefix.pch";
				INFOPLIST_FILE = "ReactiveDribbbleKitDemo/ReactiveDribbbleKitDemo-Info.plist";
				PRODUCT_NAME = "$(TARGET_NAME)";
				WRAPPER_EXTENSION = app;
			};
			name = Debug;
		};
		4EA94F2C195070E2007BB9D2 /* Release */ = {
			isa = XCBuildConfiguration;
			baseConfigurationReference = 83A534F0DC294797B45BD73B /* Pods.xcconfig */;
			buildSettings = {
				ASSETCATALOG_COMPILER_APPICON_NAME = AppIcon;
				ASSETCATALOG_COMPILER_LAUNCHIMAGE_NAME = LaunchImage;
				GCC_PRECOMPILE_PREFIX_HEADER = YES;
				GCC_PREFIX_HEADER = "ReactiveDribbbleKitDemo/ReactiveDribbbleKitDemo-Prefix.pch";
				INFOPLIST_FILE = "ReactiveDribbbleKitDemo/ReactiveDribbbleKitDemo-Info.plist";
				PRODUCT_NAME = "$(TARGET_NAME)";
				WRAPPER_EXTENSION = app;
			};
			name = Release;
		};
		4EA94F2E195070E2007BB9D2 /* Debug */ = {
			isa = XCBuildConfiguration;
			buildSettings = {
				BUNDLE_LOADER = "$(BUILT_PRODUCTS_DIR)/ReactiveDribbbleKitDemo.app/ReactiveDribbbleKitDemo";
				FRAMEWORK_SEARCH_PATHS = (
					"$(SDKROOT)/Developer/Library/Frameworks",
					"$(inherited)",
					"$(DEVELOPER_FRAMEWORKS_DIR)",
				);
				GCC_PRECOMPILE_PREFIX_HEADER = YES;
				GCC_PREFIX_HEADER = "ReactiveDribbbleKitDemo/ReactiveDribbbleKitDemo-Prefix.pch";
				GCC_PREPROCESSOR_DEFINITIONS = (
					"DEBUG=1",
					"$(inherited)",
				);
				INFOPLIST_FILE = "ReactiveDribbbleKitDemoTests/ReactiveDribbbleKitDemoTests-Info.plist";
				PRODUCT_NAME = "$(TARGET_NAME)";
				TEST_HOST = "$(BUNDLE_LOADER)";
				WRAPPER_EXTENSION = xctest;
			};
			name = Debug;
		};
		4EA94F2F195070E2007BB9D2 /* Release */ = {
			isa = XCBuildConfiguration;
			buildSettings = {
				BUNDLE_LOADER = "$(BUILT_PRODUCTS_DIR)/ReactiveDribbbleKitDemo.app/ReactiveDribbbleKitDemo";
				FRAMEWORK_SEARCH_PATHS = (
					"$(SDKROOT)/Developer/Library/Frameworks",
					"$(inherited)",
					"$(DEVELOPER_FRAMEWORKS_DIR)",
				);
				GCC_PRECOMPILE_PREFIX_HEADER = YES;
				GCC_PREFIX_HEADER = "ReactiveDribbbleKitDemo/ReactiveDribbbleKitDemo-Prefix.pch";
				INFOPLIST_FILE = "ReactiveDribbbleKitDemoTests/ReactiveDribbbleKitDemoTests-Info.plist";
				PRODUCT_NAME = "$(TARGET_NAME)";
				TEST_HOST = "$(BUNDLE_LOADER)";
				WRAPPER_EXTENSION = xctest;
			};
			name = Release;
		};
/* End XCBuildConfiguration section */

/* Begin XCConfigurationList section */
		4EA94EF9195070E2007BB9D2 /* Build configuration list for PBXProject "ReactiveDribbbleKitDemo" */ = {
			isa = XCConfigurationList;
			buildConfigurations = (
				4EA94F28195070E2007BB9D2 /* Debug */,
				4EA94F29195070E2007BB9D2 /* Release */,
			);
			defaultConfigurationIsVisible = 0;
			defaultConfigurationName = Release;
		};
		4EA94F2A195070E2007BB9D2 /* Build configuration list for PBXNativeTarget "ReactiveDribbbleKitDemo" */ = {
			isa = XCConfigurationList;
			buildConfigurations = (
				4EA94F2B195070E2007BB9D2 /* Debug */,
				4EA94F2C195070E2007BB9D2 /* Release */,
			);
			defaultConfigurationIsVisible = 0;
			defaultConfigurationName = Release;
		};
		4EA94F2D195070E2007BB9D2 /* Build configuration list for PBXNativeTarget "ReactiveDribbbleKitDemoTests" */ = {
			isa = XCConfigurationList;
			buildConfigurations = (
				4EA94F2E195070E2007BB9D2 /* Debug */,
				4EA94F2F195070E2007BB9D2 /* Release */,
			);
			defaultConfigurationIsVisible = 0;
			defaultConfigurationName = Release;
		};
/* End XCConfigurationList section */
	};
	rootObject = 4EA94EF6195070E2007BB9D2 /* Project object */;
}
